Microsoft Visual Studio Solution File, Format Version 12.00
Project("{FAE04EC0-301F-11D3-BF4B-00C04F79EFBC}") = "SQLSharp", "SQLSharp\SQLSharp.csproj", "{A7CDA979-49E6-4B7D-B68A-73FCA6F66929}"
EndProject
Project("{FAE04EC0-301F-11D3-BF4B-00C04F79EFBC}") = "SQLSharp.Examples", "SQLSharp.Examples\SQLSharp.Examples.csproj", "{F3DCD364-0C99-43A7-A0E6-701C7E247C7E}"
EndProject
Global
	GlobalSection(SolutionConfigurationPlatforms) = preSolution
		Debug|Any CPU = Debug|Any CPU
		Release|Any CPU = Release|Any CPU
	EndGlobalSection
	GlobalSection(ProjectConfigurationPlatforms) = postSolution
		{A7CDA979-49E6-4B7D-B68A-73FCA6F66929}.Debug|Any CPU.ActiveCfg = Debug|Any CPU
		{A7CDA979-49E6-4B7D-B68A-73FCA6F66929}.Debug|Any CPU.Build.0 = Debug|Any CPU
		{A7CDA979-49E6-4B7D-B68A-73FCA6F66929}.Release|Any CPU.ActiveCfg = Release|Any CPU
		{A7CDA979-49E6-4B7D-B68A-73FCA6F66929}.Release|Any CPU.Build.0 = Release|Any CPU
		{F3DCD364-0C99-43A7-A0E6-701C7E247C7E}.Debug|Any CPU.ActiveCfg = Debug|Any CPU
		{F3DCD364-0C99-43A7-A0E6-701C7E247C7E}.Debug|Any CPU.Build.0 = Debug|Any CPU
		{F3DCD364-0C99-43A7-A0E6-701C7E247C7E}.Release|Any CPU.ActiveCfg = Release|Any CPU
		{F3DCD364-0C99-43A7-A0E6-701C7E247C7E}.Release|Any CPU.Build.0 = Release|Any CPU
		{D69D6FF5-27CB-4D9F-8509-2AAE31581541}.Debug|Any CPU.ActiveCfg = Debug|Any CPU
		{D69D6FF5-27CB-4D9F-8509-2AAE31581541}.Debug|Any CPU.Build.0 = Debug|Any CPU
		{D69D6FF5-27CB-4D9F-8509-2AAE31581541}.Release|Any CPU.ActiveCfg = Release|Any CPU
		{D69D6FF5-27CB-4D9F-8509-2AAE31581541}.Release|Any CPU.Build.0 = Release|Any CPU
	EndGlobalSection
EndGlobal
